// !$*UTF8*$!
{
	archiveVersion = 1;
	classes = {
	};
	objectVersion = 46;
	objects = {

/* Begin PBXBuildFile section */
		8476B6811A0FD63400B8BE76 /* Classes in Resources */ = {isa = PBXBuildFile; fileRef = 8476B6801A0FD63400B8BE76 /* Classes */; };
		848C3DFE1A0FD419004C9699 /* main.m in Sources */ = {isa = PBXBuildFile; fileRef = 848C3DFD1A0FD419004C9699 /* main.m */; };
		848C3E0C1A0FD419004C9699 /* Images.xcassets in Resources */ = {isa = PBXBuildFile; fileRef = 848C3E0B1A0FD419004C9699 /* Images.xcassets */; };
		848C3E1B1A0FD419004C9699 /* PandraLibsTests.m in Sources */ = {isa = PBXBuildFile; fileRef = 848C3E1A1A0FD419004C9699 /* PandraLibsTests.m */; };
/* End PBXBuildFile section */

/* Begin PBXContainerItemProxy section */
		848C3E151A0FD419004C9699 /* PBXContainerItemProxy */ = {
			isa = PBXContainerItemProxy;
			containerPortal = 848C3DF01A0FD419004C9699 /* Project object */;
			proxyType = 1;
			remoteGlobalIDString = 848C3DF71A0FD419004C9699;
			remoteInfo = PandraLibs;
		};
/* End PBXContainerItemProxy section */

/* Begin PBXFileReference section */
		8476B6801A0FD63400B8BE76 /* Classes */ = {isa = PBXFileReference; lastKnownFileType = folder; path = Classes; sourceTree = "<group>"; };
		848C3DF81A0FD419004C9699 /* PandraLibs.app */ = {isa = PBXFileReference; explicitFileType = wrapper.application; includeInIndex = 0; path = PandraLibs.app; sourceTree = BUILT_PRODUCTS_DIR; };
		848C3DFC1A0FD419004C9699 /* Info.plist */ = {isa = PBXFileReference; lastKnownFileType = text.plist.xml; path = Info.plist; sourceTree = "<group>"; };
		848C3DFD1A0FD419004C9699 /* main.m */ = {isa = PBXFileReference; lastKnownFileType = sourcecode.c.objc; path = main.m; sourceTree = "<group>"; };
		848C3E0B1A0FD419004C9699 /* Images.xcassets */ = {isa = PBXFileReference; lastKnownFileType = folder.assetcatalog; path = Images.xcassets; sourceTree = "<group>"; };
		848C3E141A0FD419004C9699 /* PandraLibsTests.xctest */ = {isa = PBXFileReference; explicitFileType = wrapper.cfbundle; includeInIndex = 0; path = PandraLibsTests.xctest; sourceTree = BUILT_PRODUCTS_DIR; };
		848C3E191A0FD419004C9699 /* Info.plist */ = {isa = PBXFileReference; lastKnownFileType = text.plist.xml; path = Info.plist; sourceTree = "<group>"; };
		848C3E1A1A0FD419004C9699 /* PandraLibsTests.m */ = {isa = PBXFileReference; lastKnownFileType = sourcecode.c.objc; path = PandraLibsTests.m; sourceTree = "<group>"; };
/* End PBXFileReference section */

/* Begin PBXFrameworksBuildPhase section */
		848C3DF51A0FD419004C9699 /* Frameworks */ = {
			isa = PBXFrameworksBuildPhase;
			buildActionMask = 2147483647;
			files = (
			);
			runOnlyForDeploymentPostprocessing = 0;
		};
		848C3E111A0FD419004C9699 /* Frameworks */ = {
			isa = PBXFrameworksBuildPhase;
			buildActionMask = 2147483647;
			files = (
			);
			runOnlyForDeploymentPostprocessing = 0;
		};
/* End PBXFrameworksBuildPhase section */

/* Begin PBXGroup section */
		848C3DEF1A0FD419004C9699 = {
			isa = PBXGroup;
			children = (
				848C3DFA1A0FD419004C9699 /* PandraLibs */,
				848C3E171A0FD419004C9699 /* PandraLibsTests */,
				848C3DF91A0FD419004C9699 /* Products */,
			);
			sourceTree = "<group>";
		};
		848C3DF91A0FD419004C9699 /* Products */ = {
			isa = PBXGroup;
			children = (
				848C3DF81A0FD419004C9699 /* PandraLibs.app */,
				848C3E141A0FD419004C9699 /* PandraLibsTests.xctest */,
			);
			name = Products;
			sourceTree = "<group>";
		};
		848C3DFA1A0FD419004C9699 /* PandraLibs */ = {
			isa = PBXGroup;
			children = (
				8476B6801A0FD63400B8BE76 /* Classes */,
				848C3E0B1A0FD419004C9699 /* Images.xcassets */,
				848C3DFB1A0FD419004C9699 /* Supporting Files */,
			);
			path = PandraLibs;
			sourceTree = "<group>";
		};
		848C3DFB1A0FD419004C9699 /* Supporting Files */ = {
			isa = PBXGroup;
			children = (
				848C3DFC1A0FD419004C9699 /* Info.plist */,
				848C3DFD1A0FD419004C9699 /* main.m */,
			);
			name = "Supporting Files";
			sourceTree = "<group>";
		};
		848C3E171A0FD419004C9699 /* PandraLibsTests */ = {
			isa = PBXGroup;
			children = (
				848C3E1A1A0FD419004C9699 /* PandraLibsTests.m */,
				848C3E181A0FD419004C9699 /* Supporting Files */,
			);
			path = PandraLibsTests;
			sourceTree = "<group>";
		};
		848C3E181A0FD419004C9699 /* Supporting Files */ = {
			isa = PBXGroup;
			children = (
				848C3E191A0FD419004C9699 /* Info.plist */,
			);
			name = "Supporting Files";
			sourceTree = "<group>";
		};
/* End PBXGroup section */

/* Begin PBXNativeTarget section */
		848C3DF71A0FD419004C9699 /* PandraLibs */ = {
			isa = PBXNativeTarget;
			buildConfigurationList = 848C3E1E1A0FD419004C9699 /* Build configuration list for PBXNativeTarget "PandraLibs" */;
			buildPhases = (
				848C3DF41A0FD419004C9699 /* Sources */,
				848C3DF51A0FD419004C9699 /* Frameworks */,
				848C3DF61A0FD419004C9699 /* Resources */,
			);
			buildRules = (
			);
			dependencies = (
			);
			name = PandraLibs;
			productName = PandraLibs;
			productReference = 848C3DF81A0FD419004C9699 /* PandraLibs.app */;
			productType = "com.apple.product-type.application";
		};
		848C3E131A0FD419004C9699 /* PandraLibsTests */ = {
			isa = PBXNativeTarget;
			buildConfigurationList = 848C3E211A0FD419004C9699 /* Build configuration list for PBXNativeTarget "PandraLibsTests" */;
			buildPhases = (
				848C3E101A0FD419004C9699 /* Sources */,
				848C3E111A0FD419004C9699 /* Frameworks */,
				848C3E121A0FD419004C9699 /* Resources */,
			);
			buildRules = (
			);
			dependencies = (
				848C3E161A0FD419004C9699 /* PBXTargetDependency */,
			);
			name = PandraLibsTests;
			productName = PandraLibsTests;
			productReference = 848C3E141A0FD419004C9699 /* PandraLibsTests.xctest */;
			productType = "com.apple.product-type.bundle.unit-test";
		};
/* End PBXNativeTarget section */

/* Begin PBXProject section */
		848C3DF01A0FD419004C9699 /* Project object */ = {
			isa = PBXProject;
			attributes = {
				LastUpgradeCheck = 0600;
				ORGANIZATIONNAME = Pandra;
				TargetAttributes = {
					848C3DF71A0FD419004C9699 = {
						CreatedOnToolsVersion = 6.0.1;
					};
					848C3E131A0FD419004C9699 = {
						CreatedOnToolsVersion = 6.0.1;
						TestTargetID = 848C3DF71A0FD419004C9699;
					};
				};
			};
			buildConfigurationList = 848C3DF31A0FD419004C9699 /* Build configuration list for PBXProject "PandraLibs" */;
			compatibilityVersion = "Xcode 3.2";
			developmentRegion = English;
			hasScannedForEncodings = 0;
			knownRegions = (
				en,
				Base,
			);
			mainGroup = 848C3DEF1A0FD419004C9699;
			productRefGroup = 848C3DF91A0FD419004C9699 /* Products */;
			projectDirPath = "";
			projectRoot = "";
			targets = (
				848C3DF71A0FD419004C9699 /* PandraLibs */,
				848C3E131A0FD419004C9699 /* PandraLibsTests */,
			);
		};
/* End PBXProject section */

/* Begin PBXResourcesBuildPhase section */
		848C3DF61A0FD419004C9699 /* Resources */ = {
			isa = PBXResourcesBuildPhase;
			buildActionMask = 2147483647;
			files = (
				848C3E0C1A0FD419004C9699 /* Images.xcassets in Resources */,
				8476B6811A0FD63400B8BE76 /* Classes in Resources */,
			);
			runOnlyForDeploymentPostprocessing = 0;
		};
		848C3E121A0FD419004C9699 /* Resources */ = {
			isa = PBXResourcesBuildPhase;
			buildActionMask = 2147483647;
			files = (
			);
			runOnlyForDeploymentPostprocessing = 0;
		};
/* End PBXResourcesBuildPhase section */

/* Begin PBXSourcesBuildPhase section */
		848C3DF41A0FD419004C9699 /* Sources */ = {
			isa = PBXSourcesBuildPhase;
			buildActionMask = 2147483647;
			files = (
				848C3DFE1A0FD419004C9699 /* main.m in Sources */,
			);
			runOnlyForDeploymentPostprocessing = 0;
		};
		848C3E101A0FD419004C9699 /* Sources */ = {
			isa = PBXSourcesBuildPhase;
			buildActionMask = 2147483647;
			files = (
				848C3E1B1A0FD419004C9699 /* PandraLibsTests.m in Sources */,
			);
			runOnlyForDeploymentPostprocessing = 0;
		};
/* End PBXSourcesBuildPhase section */

/* Begin PBXTargetDependency section */
		848C3E161A0FD419004C9699 /* PBXTargetDependency */ = {
			isa = PBXTargetDependency;
			target = 848C3DF71A0FD419004C9699 /* PandraLibs */;
			targetProxy = 848C3E151A0FD419004C9699 /* PBXContainerItemProxy */;
		};
/* End PBXTargetDependency section */

/* Begin XCBuildConfiguration section */
		848C3E1C1A0FD419004C9699 /* Debug */ = {
			isa = XCBuildConfiguration;
			buildSettings = {
				ALWAYS_SEARCH_USER_PATHS = NO;
				CLANG_CXX_LANGUAGE_STANDARD = "gnu++0x";
				CLANG_CXX_LIBRARY = "libc++";
				CLANG_ENABLE_MODULES = YES;
				CLANG_ENABLE_OBJC_ARC = YES;
				CLANG_WARN_BOOL_CONVERSION = YES;
				CLANG_WARN_CONSTANT_CONVERSION = YES;
				CLANG_WARN_DIRECT_OBJC_ISA_USAGE = YES_ERROR;
				CLANG_WARN_EMPTY_BODY = YES;
				CLANG_WARN_ENUM_CONVERSION = YES;
				CLANG_WARN_INT_CONVERSION = YES;
				CLANG_WARN_OBJC_ROOT_CLASS = YES_ERROR;
				CLANG_WARN_UNREACHABLE_CODE = YES;
				CLANG_WARN__DUPLICATE_METHOD_MATCH = YES;
				"CODE_SIGN_IDENTITY[sdk=iphoneos*]" = "iPhone Developer";
				COPY_PHASE_STRIP = NO;
				ENABLE_STRICT_OBJC_MSGSEND = YES;
				GCC_C_LANGUAGE_STANDARD = gnu99;
				GCC_DYNAMIC_NO_PIC = NO;
				GCC_OPTIMIZATION_LEVEL = 0;
				GCC_PREPROCESSOR_DEFINITIONS = (
					"DEBUG=1",
					"$(inherited)",
				);
				GCC_SYMBOLS_PRIVATE_EXTERN = NO;
				GCC_WARN_64_TO_32_BIT_CONVERSION = YES;
				GCC_WARN_ABOUT_RETURN_TYPE = YES_ERROR;
				GCC_WARN_UNDECLARED_SELECTOR = YES;
				GCC_WARN_UNINITIALIZED_AUTOS = YES_AGGRESSIVE;
				GCC_WARN_UNUSED_FUNCTION = YES;
				GCC_WARN_UNUSED_VARIABLE = YES;
				IPHONEOS_DEPLOYMENT_TARGET = 8.0;
				MTL_ENABLE_DEBUG_INFO = YES;
				ONLY_ACTIVE_ARCH = YES;
				SDKROOT = iphoneos;
				TARGETED_DEVICE_FAMILY = "1,2";
			};
			name = Debug;
		};
		848C3E1D1A0FD419004C9699 /* Release */ = {
			isa = XCBuildConfiguration;
			buildSettings = {
				ALWAYS_SEARCH_USER_PATHS = NO;
				CLANG_CXX_LANGUAGE_STANDARD = "gnu++0x";
				CLANG_CXX_LIBRARY = "libc++";
				CLANG_ENABLE_MODULES = YES;
				CLANG_ENABLE_OBJC_ARC = YES;
				CLANG_WARN_BOOL_CONVERSION = YES;
				CLANG_WARN_CONSTANT_CONVERSION = YES;
				CLANG_WARN_DIRECT_OBJC_ISA_USAGE = YES_ERROR;
				CLANG_WARN_EMPTY_BODY = YES;
				CLANG_WARN_ENUM_CONVERSION = YES;
				CLANG_WARN_INT_CONVERSION = YES;
				CLANG_WARN_OBJC_ROOT_CLASS = YES_ERROR;
				CLANG_WARN_UNREACHABLE_CODE = YES;
				CLANG_WARN__DUPLICATE_METHOD_MATCH = YES;
				"CODE_SIGN_IDENTITY[sdk=iphoneos*]" = "iPhone Developer";
				COPY_PHASE_STRIP = YES;
				ENABLE_NS_ASSERTIONS = NO;
				ENABLE_STRICT_OBJC_MSGSEND = YES;
				GCC_C_LANGUAGE_STANDARD = gnu99;
				GCC_WARN_64_TO_32_BIT_CONVERSION = YES;
				GCC_WARN_ABOUT_RETURN_TYPE = YES_ERROR;
				GCC_WARN_UNDECLARED_SELECTOR = YES;
				GCC_WARN_UNINITIALIZED_AUTOS = YES_AGGRESSIVE;
				GCC_WARN_UNUSED_FUNCTION = YES;
				GCC_WARN_UNUSED_VARIABLE = YES;
				IPHONEOS_DEPLOYMENT_TARGET = 8.0;
				MTL_ENABLE_DEBUG_INFO = NO;
				SDKROOT = iphoneos;
				TARGETED_DEVICE_FAMILY = "1,2";
				VALIDATE_PRODUCT = YES;
			};
			name = Release;
		};
		848C3E1F1A0FD419004C9699 /* Debug */ = {
			isa = XCBuildConfiguration;
			buildSettings = {
				ASSETCATALOG_COMPILER_APPICON_NAME = AppIcon;
				INFOPLIST_FILE = PandraLibs/Info.plist;
				LD_RUNPATH_SEARCH_PATHS = "$(inherited) @executable_path/Frameworks";
				PRODUCT_NAME = "$(TARGET_NAME)";
			};
			name = Debug;
		};
		848C3E201A0FD419004C9699 /* Release */ = {
			isa = XCBuildConfiguration;
			buildSettings = {
				ASSETCATALOG_COMPILER_APPICON_NAME = AppIcon;
				INFOPLIST_FILE = PandraLibs/Info.plist;
				LD_RUNPATH_SEARCH_PATHS = "$(inherited) @executable_path/Frameworks";
				PRODUCT_NAME = "$(TARGET_NAME)";
			};
			name = Release;
		};
		848C3E221A0FD419004C9699 /* Debug */ = {
			isa = XCBuildConfiguration;
			buildSettings = {
				BUNDLE_LOADER = "$(TEST_HOST)";
				FRAMEWORK_SEARCH_PATHS = (
					"$(SDKROOT)/Developer/Library/Frameworks",
					"$(inherited)",
				);
				GCC_PREPROCESSOR_DEFINITIONS = (
					"DEBUG=1",
					"$(inherited)",
				);
				INFOPLIST_FILE = PandraLibsTests/Info.plist;
				LD_RUNPATH_SEARCH_PATHS = "$(inherited) @executable_path/Frameworks @loader_path/Frameworks";
				PRODUCT_NAME = "$(TARGET_NAME)";
				TEST_HOST = "$(BUILT_PRODUCTS_DIR)/PandraLibs.app/PandraLibs";
			};
			name = Debug;
		};
		848C3E231A0FD419004C9699 /* Release */ = {
			isa = XCBuildConfiguration;
			buildSettings = {
				BUNDLE_LOADER = "$(TEST_HOST)";
				FRAMEWORK_SEARCH_PATHS = (
					"$(SDKROOT)/Developer/Library/Frameworks",
					"$(inherited)",
				);
				INFOPLIST_FILE = PandraLibsTests/Info.plist;
				LD_RUNPATH_SEARCH_PATHS = "$(inherited) @executable_path/Frameworks @loader_path/Frameworks";
				PRODUCT_NAME = "$(TARGET_NAME)";
				TEST_HOST = "$(BUILT_PRODUCTS_DIR)/PandraLibs.app/PandraLibs";
			};
			name = Release;
		};
/* End XCBuildConfiguration section */

/* Begin XCConfigurationList section */
		848C3DF31A0FD419004C9699 /* Build configuration list for PBXProject "PandraLibs" */ = {
			isa = XCConfigurationList;
			buildConfigurations = (
				848C3E1C1A0FD419004C9699 /* Debug */,
				848C3E1D1A0FD419004C9699 /* Release */,
			);
			defaultConfigurationIsVisible = 0;
			defaultConfigurationName = Release;
		};
		848C3E1E1A0FD419004C9699 /* Build configuration list for PBXNativeTarget "PandraLibs" */ = {
			isa = XCConfigurationList;
			buildConfigurations = (
				848C3E1F1A0FD419004C9699 /* Debug */,
				848C3E201A0FD419004C9699 /* Release */,
			);
			defaultConfigurationIsVisible = 0;
			defaultConfigurationName = Release;
		};
		848C3E211A0FD419004C9699 /* Build configuration list for PBXNativeTarget "PandraLibsTests" */ = {
			isa = XCConfigurationList;
			buildConfigurations = (
				848C3E221A0FD419004C9699 /* Debug */,
				848C3E231A0FD419004C9699 /* Release */,
			);
			defaultConfigurationIsVisible = 0;
			defaultConfigurationName = Release;
		};
/* End XCConfigurationList section */
	};
	rootObject = 848C3DF01A0FD419004C9699 /* Project object */;
}
