// !$*UTF8*$!
{
	archiveVersion = 1;
	classes = {
	};
	objectVersion = 46;
	objects = {

/* Begin PBXBuildFile section */
		845CFCB11A0FDC19000A1A60 /* AppDelegate.m in Sources */ = {isa = PBXBuildFile; fileRef = 845CFCB01A0FDC19000A1A60 /* AppDelegate.m */; };
		845CFCDD1A0FDE46000A1A60 /* BasicCollectionView.m in Sources */ = {isa = PBXBuildFile; fileRef = 845CFCC81A0FDE46000A1A60 /* BasicCollectionView.m */; };
		845CFCDE1A0FDE46000A1A60 /* BasicDataSource.m in Sources */ = {isa = PBXBuildFile; fileRef = 845CFCCA1A0FDE46000A1A60 /* BasicDataSource.m */; };
		845CFCDF1A0FDE46000A1A60 /* BasicDataSourceAdapter.m in Sources */ = {isa = PBXBuildFile; fileRef = 845CFCCC1A0FDE46000A1A60 /* BasicDataSourceAdapter.m */; };
		845CFCE01A0FDE46000A1A60 /* BasicLinker.m in Sources */ = {isa = PBXBuildFile; fileRef = 845CFCCE1A0FDE46000A1A60 /* BasicLinker.m */; };
		845CFCE11A0FDE46000A1A60 /* BasicMTContextProcessor.m in Sources */ = {isa = PBXBuildFile; fileRef = 845CFCD01A0FDE46000A1A60 /* BasicMTContextProcessor.m */; };
		845CFCE21A0FDE46000A1A60 /* BasicPostprocessor.m in Sources */ = {isa = PBXBuildFile; fileRef = 845CFCD21A0FDE46000A1A60 /* BasicPostprocessor.m */; };
		845CFCE31A0FDE46000A1A60 /* BasicSaver.m in Sources */ = {isa = PBXBuildFile; fileRef = 845CFCD41A0FDE46000A1A60 /* BasicSaver.m */; };
		845CFCE41A0FDE46000A1A60 /* BasicSyncer.m in Sources */ = {isa = PBXBuildFile; fileRef = 845CFCD61A0FDE46000A1A60 /* BasicSyncer.m */; };
		845CFCE51A0FDE46000A1A60 /* CC.m in Sources */ = {isa = PBXBuildFile; fileRef = 845CFCD81A0FDE46000A1A60 /* CC.m */; };
		845CFCE61A0FDE46000A1A60 /* CoredataManager.m in Sources */ = {isa = PBXBuildFile; fileRef = 845CFCDA1A0FDE46000A1A60 /* CoredataManager.m */; };
		845CFCE71A0FDE46000A1A60 /* DF.m in Sources */ = {isa = PBXBuildFile; fileRef = 845CFCDC1A0FDE46000A1A60 /* DF.m */; };
		845CFCEC1A0FDE50000A1A60 /* MT.m in Sources */ = {isa = PBXBuildFile; fileRef = 845CFCE91A0FDE50000A1A60 /* MT.m */; };
		845CFCED1A0FDE50000A1A60 /* PP.m in Sources */ = {isa = PBXBuildFile; fileRef = 845CFCEB1A0FDE50000A1A60 /* PP.m */; };
		848C3DFE1A0FD419004C9699 /* main.m in Sources */ = {isa = PBXBuildFile; fileRef = 848C3DFD1A0FD419004C9699 /* main.m */; };
		848C3E0C1A0FD419004C9699 /* Images.xcassets in Resources */ = {isa = PBXBuildFile; fileRef = 848C3E0B1A0FD419004C9699 /* Images.xcassets */; };
		848C3E1B1A0FD419004C9699 /* PandraLibsTests.m in Sources */ = {isa = PBXBuildFile; fileRef = 848C3E1A1A0FD419004C9699 /* PandraLibsTests.m */; };
		84C2A8CF1A0FDF8400BE6045 /* BasicContextManager.m in Sources */ = {isa = PBXBuildFile; fileRef = 84C2A8CE1A0FDF8400BE6045 /* BasicContextManager.m */; };
/* End PBXBuildFile section */

/* Begin PBXContainerItemProxy section */
		848C3E151A0FD419004C9699 /* PBXContainerItemProxy */ = {
			isa = PBXContainerItemProxy;
			containerPortal = 848C3DF01A0FD419004C9699 /* Project object */;
			proxyType = 1;
			remoteGlobalIDString = 848C3DF71A0FD419004C9699;
			remoteInfo = PandraLibs;
		};
/* End PBXContainerItemProxy section */

/* Begin PBXFileReference section */
		845CFCAC1A0FDB77000A1A60 /* PandraLibs.h */ = {isa = PBXFileReference; fileEncoding = 4; lastKnownFileType = sourcecode.c.h; path = PandraLibs.h; sourceTree = "<group>"; };
		845CFCAF1A0FDC19000A1A60 /* AppDelegate.h */ = {isa = PBXFileReference; fileEncoding = 4; lastKnownFileType = sourcecode.c.h; path = AppDelegate.h; sourceTree = "<group>"; };
		845CFCB01A0FDC19000A1A60 /* AppDelegate.m */ = {isa = PBXFileReference; fileEncoding = 4; lastKnownFileType = sourcecode.c.objc; path = AppDelegate.m; sourceTree = "<group>"; };
		845CFCC71A0FDE46000A1A60 /* BasicCollectionView.h */ = {isa = PBXFileReference; fileEncoding = 4; lastKnownFileType = sourcecode.c.h; path = BasicCollectionView.h; sourceTree = "<group>"; };
		845CFCC81A0FDE46000A1A60 /* BasicCollectionView.m */ = {isa = PBXFileReference; fileEncoding = 4; lastKnownFileType = sourcecode.c.objc; path = BasicCollectionView.m; sourceTree = "<group>"; };
		845CFCC91A0FDE46000A1A60 /* BasicDataSource.h */ = {isa = PBXFileReference; fileEncoding = 4; lastKnownFileType = sourcecode.c.h; path = BasicDataSource.h; sourceTree = "<group>"; };
		845CFCCA1A0FDE46000A1A60 /* BasicDataSource.m */ = {isa = PBXFileReference; fileEncoding = 4; lastKnownFileType = sourcecode.c.objc; path = BasicDataSource.m; sourceTree = "<group>"; };
		845CFCCB1A0FDE46000A1A60 /* BasicDataSourceAdapter.h */ = {isa = PBXFileReference; fileEncoding = 4; lastKnownFileType = sourcecode.c.h; path = BasicDataSourceAdapter.h; sourceTree = "<group>"; };
		845CFCCC1A0FDE46000A1A60 /* BasicDataSourceAdapter.m */ = {isa = PBXFileReference; fileEncoding = 4; lastKnownFileType = sourcecode.c.objc; path = BasicDataSourceAdapter.m; sourceTree = "<group>"; };
		845CFCCD1A0FDE46000A1A60 /* BasicLinker.h */ = {isa = PBXFileReference; fileEncoding = 4; lastKnownFileType = sourcecode.c.h; path = BasicLinker.h; sourceTree = "<group>"; };
		845CFCCE1A0FDE46000A1A60 /* BasicLinker.m */ = {isa = PBXFileReference; fileEncoding = 4; lastKnownFileType = sourcecode.c.objc; path = BasicLinker.m; sourceTree = "<group>"; };
		845CFCCF1A0FDE46000A1A60 /* BasicMTContextProcessor.h */ = {isa = PBXFileReference; fileEncoding = 4; lastKnownFileType = sourcecode.c.h; path = BasicMTContextProcessor.h; sourceTree = "<group>"; };
		845CFCD01A0FDE46000A1A60 /* BasicMTContextProcessor.m */ = {isa = PBXFileReference; fileEncoding = 4; lastKnownFileType = sourcecode.c.objc; path = BasicMTContextProcessor.m; sourceTree = "<group>"; };
		845CFCD11A0FDE46000A1A60 /* BasicPostprocessor.h */ = {isa = PBXFileReference; fileEncoding = 4; lastKnownFileType = sourcecode.c.h; path = BasicPostprocessor.h; sourceTree = "<group>"; };
		845CFCD21A0FDE46000A1A60 /* BasicPostprocessor.m */ = {isa = PBXFileReference; fileEncoding = 4; lastKnownFileType = sourcecode.c.objc; path = BasicPostprocessor.m; sourceTree = "<group>"; };
		845CFCD31A0FDE46000A1A60 /* BasicSaver.h */ = {isa = PBXFileReference; fileEncoding = 4; lastKnownFileType = sourcecode.c.h; path = BasicSaver.h; sourceTree = "<group>"; };
		845CFCD41A0FDE46000A1A60 /* BasicSaver.m */ = {isa = PBXFileReference; fileEncoding = 4; lastKnownFileType = sourcecode.c.objc; path = BasicSaver.m; sourceTree = "<group>"; };
		845CFCD51A0FDE46000A1A60 /* BasicSyncer.h */ = {isa = PBXFileReference; fileEncoding = 4; lastKnownFileType = sourcecode.c.h; path = BasicSyncer.h; sourceTree = "<group>"; };
		845CFCD61A0FDE46000A1A60 /* BasicSyncer.m */ = {isa = PBXFileReference; fileEncoding = 4; lastKnownFileType = sourcecode.c.objc; path = BasicSyncer.m; sourceTree = "<group>"; };
		845CFCD71A0FDE46000A1A60 /* CC.h */ = {isa = PBXFileReference; fileEncoding = 4; lastKnownFileType = sourcecode.c.h; path = CC.h; sourceTree = "<group>"; };
		845CFCD81A0FDE46000A1A60 /* CC.m */ = {isa = PBXFileReference; fileEncoding = 4; lastKnownFileType = sourcecode.c.objc; path = CC.m; sourceTree = "<group>"; };
		845CFCD91A0FDE46000A1A60 /* CoredataManager.h */ = {isa = PBXFileReference; fileEncoding = 4; lastKnownFileType = sourcecode.c.h; path = CoredataManager.h; sourceTree = "<group>"; };
		845CFCDA1A0FDE46000A1A60 /* CoredataManager.m */ = {isa = PBXFileReference; fileEncoding = 4; lastKnownFileType = sourcecode.c.objc; path = CoredataManager.m; sourceTree = "<group>"; };
		845CFCDB1A0FDE46000A1A60 /* DF.h */ = {isa = PBXFileReference; fileEncoding = 4; lastKnownFileType = sourcecode.c.h; path = DF.h; sourceTree = "<group>"; };
		845CFCDC1A0FDE46000A1A60 /* DF.m */ = {isa = PBXFileReference; fileEncoding = 4; lastKnownFileType = sourcecode.c.objc; path = DF.m; sourceTree = "<group>"; };
		845CFCE81A0FDE50000A1A60 /* MT.h */ = {isa = PBXFileReference; fileEncoding = 4; lastKnownFileType = sourcecode.c.h; path = MT.h; sourceTree = "<group>"; };
		845CFCE91A0FDE50000A1A60 /* MT.m */ = {isa = PBXFileReference; fileEncoding = 4; lastKnownFileType = sourcecode.c.objc; path = MT.m; sourceTree = "<group>"; };
		845CFCEA1A0FDE50000A1A60 /* PP.h */ = {isa = PBXFileReference; fileEncoding = 4; lastKnownFileType = sourcecode.c.h; path = PP.h; sourceTree = "<group>"; };
		845CFCEB1A0FDE50000A1A60 /* PP.m */ = {isa = PBXFileReference; fileEncoding = 4; lastKnownFileType = sourcecode.c.objc; path = PP.m; sourceTree = "<group>"; };
		848C3DF81A0FD419004C9699 /* PandraLibs.app */ = {isa = PBXFileReference; explicitFileType = wrapper.application; includeInIndex = 0; path = PandraLibs.app; sourceTree = BUILT_PRODUCTS_DIR; };
		848C3DFC1A0FD419004C9699 /* Info.plist */ = {isa = PBXFileReference; lastKnownFileType = text.plist.xml; path = Info.plist; sourceTree = "<group>"; };
		848C3DFD1A0FD419004C9699 /* main.m */ = {isa = PBXFileReference; lastKnownFileType = sourcecode.c.objc; path = main.m; sourceTree = "<group>"; };
		848C3E0B1A0FD419004C9699 /* Images.xcassets */ = {isa = PBXFileReference; lastKnownFileType = folder.assetcatalog; path = Images.xcassets; sourceTree = "<group>"; };
		848C3E141A0FD419004C9699 /* PandraLibsTests.xctest */ = {isa = PBXFileReference; explicitFileType = wrapper.cfbundle; includeInIndex = 0; path = PandraLibsTests.xctest; sourceTree = BUILT_PRODUCTS_DIR; };
		848C3E191A0FD419004C9699 /* Info.plist */ = {isa = PBXFileReference; lastKnownFileType = text.plist.xml; path = Info.plist; sourceTree = "<group>"; };
		848C3E1A1A0FD419004C9699 /* PandraLibsTests.m */ = {isa = PBXFileReference; lastKnownFileType = sourcecode.c.objc; path = PandraLibsTests.m; sourceTree = "<group>"; };
		84C2A8CD1A0FDF8400BE6045 /* BasicContextManager.h */ = {isa = PBXFileReference; fileEncoding = 4; lastKnownFileType = sourcecode.c.h; path = BasicContextManager.h; sourceTree = "<group>"; };
		84C2A8CE1A0FDF8400BE6045 /* BasicContextManager.m */ = {isa = PBXFileReference; fileEncoding = 4; lastKnownFileType = sourcecode.c.objc; path = BasicContextManager.m; sourceTree = "<group>"; };
		84C2A8D11A0FDFB300BE6045 /* BasicDataSourceDelegate.h */ = {isa = PBXFileReference; fileEncoding = 4; lastKnownFileType = sourcecode.c.h; path = BasicDataSourceDelegate.h; sourceTree = "<group>"; };
/* End PBXFileReference section */

/* Begin PBXFrameworksBuildPhase section */
		848C3DF51A0FD419004C9699 /* Frameworks */ = {
			isa = PBXFrameworksBuildPhase;
			buildActionMask = 2147483647;
			files = (
			);
			runOnlyForDeploymentPostprocessing = 0;
		};
		848C3E111A0FD419004C9699 /* Frameworks */ = {
			isa = PBXFrameworksBuildPhase;
			buildActionMask = 2147483647;
			files = (
			);
			runOnlyForDeploymentPostprocessing = 0;
		};
/* End PBXFrameworksBuildPhase section */

/* Begin PBXGroup section */
		845CFCEE1A0FDE52000A1A60 /* coredata */ = {
			isa = PBXGroup;
			children = (
				84C2A8CD1A0FDF8400BE6045 /* BasicContextManager.h */,
				84C2A8CE1A0FDF8400BE6045 /* BasicContextManager.m */,
				845CFCCD1A0FDE46000A1A60 /* BasicLinker.h */,
				845CFCCE1A0FDE46000A1A60 /* BasicLinker.m */,
				845CFCCF1A0FDE46000A1A60 /* BasicMTContextProcessor.h */,
				845CFCD01A0FDE46000A1A60 /* BasicMTContextProcessor.m */,
				845CFCD11A0FDE46000A1A60 /* BasicPostprocessor.h */,
				845CFCD21A0FDE46000A1A60 /* BasicPostprocessor.m */,
				845CFCD31A0FDE46000A1A60 /* BasicSaver.h */,
				845CFCD41A0FDE46000A1A60 /* BasicSaver.m */,
				845CFCD51A0FDE46000A1A60 /* BasicSyncer.h */,
				845CFCD61A0FDE46000A1A60 /* BasicSyncer.m */,
				845CFCD91A0FDE46000A1A60 /* CoredataManager.h */,
				845CFCDA1A0FDE46000A1A60 /* CoredataManager.m */,
			);
			name = coredata;
			sourceTree = "<group>";
		};
		845CFCEF1A0FDE6B000A1A60 /* lists */ = {
			isa = PBXGroup;
			children = (
				84C2A8D11A0FDFB300BE6045 /* BasicDataSourceDelegate.h */,
				845CFCC71A0FDE46000A1A60 /* BasicCollectionView.h */,
				845CFCC81A0FDE46000A1A60 /* BasicCollectionView.m */,
				845CFCC91A0FDE46000A1A60 /* BasicDataSource.h */,
				845CFCCA1A0FDE46000A1A60 /* BasicDataSource.m */,
				845CFCCB1A0FDE46000A1A60 /* BasicDataSourceAdapter.h */,
				845CFCCC1A0FDE46000A1A60 /* BasicDataSourceAdapter.m */,
			);
			name = lists;
			sourceTree = "<group>";
		};
		845CFCF01A0FDE7A000A1A60 /* utilits */ = {
			isa = PBXGroup;
			children = (
				845CFCE81A0FDE50000A1A60 /* MT.h */,
				845CFCE91A0FDE50000A1A60 /* MT.m */,
				845CFCEA1A0FDE50000A1A60 /* PP.h */,
				845CFCEB1A0FDE50000A1A60 /* PP.m */,
				845CFCD71A0FDE46000A1A60 /* CC.h */,
				845CFCD81A0FDE46000A1A60 /* CC.m */,
				845CFCDB1A0FDE46000A1A60 /* DF.h */,
				845CFCDC1A0FDE46000A1A60 /* DF.m */,
			);
			name = utilits;
			sourceTree = "<group>";
		};
		848C3DEF1A0FD419004C9699 = {
			isa = PBXGroup;
			children = (
				848C3DFA1A0FD419004C9699 /* PandraLibs */,
				848C3E171A0FD419004C9699 /* PandraLibsTests */,
				848C3DF91A0FD419004C9699 /* Products */,
			);
			sourceTree = "<group>";
		};
		848C3DF91A0FD419004C9699 /* Products */ = {
			isa = PBXGroup;
			children = (
				848C3DF81A0FD419004C9699 /* PandraLibs.app */,
				848C3E141A0FD419004C9699 /* PandraLibsTests.xctest */,
			);
			name = Products;
			sourceTree = "<group>";
		};
		848C3DFA1A0FD419004C9699 /* PandraLibs */ = {
			isa = PBXGroup;
			children = (
				845CFCF01A0FDE7A000A1A60 /* utilits */,
				845CFCEF1A0FDE6B000A1A60 /* lists */,
				845CFCEE1A0FDE52000A1A60 /* coredata */,
				845CFCAF1A0FDC19000A1A60 /* AppDelegate.h */,
				845CFCB01A0FDC19000A1A60 /* AppDelegate.m */,
				848C3E0B1A0FD419004C9699 /* Images.xcassets */,
				848C3DFB1A0FD419004C9699 /* Supporting Files */,
				845CFCAC1A0FDB77000A1A60 /* PandraLibs.h */,
			);
			path = PandraLibs;
			sourceTree = "<group>";
		};
		848C3DFB1A0FD419004C9699 /* Supporting Files */ = {
			isa = PBXGroup;
			children = (
				848C3DFC1A0FD419004C9699 /* Info.plist */,
				848C3DFD1A0FD419004C9699 /* main.m */,
			);
			name = "Supporting Files";
			sourceTree = "<group>";
		};
		848C3E171A0FD419004C9699 /* PandraLibsTests */ = {
			isa = PBXGroup;
			children = (
				848C3E1A1A0FD419004C9699 /* PandraLibsTests.m */,
				848C3E181A0FD419004C9699 /* Supporting Files */,
			);
			path = PandraLibsTests;
			sourceTree = "<group>";
		};
		848C3E181A0FD419004C9699 /* Supporting Files */ = {
			isa = PBXGroup;
			children = (
				848C3E191A0FD419004C9699 /* Info.plist */,
			);
			name = "Supporting Files";
			sourceTree = "<group>";
		};
/* End PBXGroup section */

/* Begin PBXNativeTarget section */
		848C3DF71A0FD419004C9699 /* PandraLibs */ = {
			isa = PBXNativeTarget;
			buildConfigurationList = 848C3E1E1A0FD419004C9699 /* Build configuration list for PBXNativeTarget "PandraLibs" */;
			buildPhases = (
				848C3DF41A0FD419004C9699 /* Sources */,
				848C3DF51A0FD419004C9699 /* Frameworks */,
				848C3DF61A0FD419004C9699 /* Resources */,
			);
			buildRules = (
			);
			dependencies = (
			);
			name = PandraLibs;
			productName = PandraLibs;
			productReference = 848C3DF81A0FD419004C9699 /* PandraLibs.app */;
			productType = "com.apple.product-type.application";
		};
		848C3E131A0FD419004C9699 /* PandraLibsTests */ = {
			isa = PBXNativeTarget;
			buildConfigurationList = 848C3E211A0FD419004C9699 /* Build configuration list for PBXNativeTarget "PandraLibsTests" */;
			buildPhases = (
				848C3E101A0FD419004C9699 /* Sources */,
				848C3E111A0FD419004C9699 /* Frameworks */,
				848C3E121A0FD419004C9699 /* Resources */,
			);
			buildRules = (
			);
			dependencies = (
				848C3E161A0FD419004C9699 /* PBXTargetDependency */,
			);
			name = PandraLibsTests;
			productName = PandraLibsTests;
			productReference = 848C3E141A0FD419004C9699 /* PandraLibsTests.xctest */;
			productType = "com.apple.product-type.bundle.unit-test";
		};
/* End PBXNativeTarget section */

/* Begin PBXProject section */
		848C3DF01A0FD419004C9699 /* Project object */ = {
			isa = PBXProject;
			attributes = {
				LastUpgradeCheck = 0600;
				ORGANIZATIONNAME = Pandra;
				TargetAttributes = {
					848C3DF71A0FD419004C9699 = {
						CreatedOnToolsVersion = 6.0.1;
					};
					848C3E131A0FD419004C9699 = {
						CreatedOnToolsVersion = 6.0.1;
						TestTargetID = 848C3DF71A0FD419004C9699;
					};
				};
			};
			buildConfigurationList = 848C3DF31A0FD419004C9699 /* Build configuration list for PBXProject "PandraLibs" */;
			compatibilityVersion = "Xcode 3.2";
			developmentRegion = English;
			hasScannedForEncodings = 0;
			knownRegions = (
				en,
				Base,
			);
			mainGroup = 848C3DEF1A0FD419004C9699;
			productRefGroup = 848C3DF91A0FD419004C9699 /* Products */;
			projectDirPath = "";
			projectRoot = "";
			targets = (
				848C3DF71A0FD419004C9699 /* PandraLibs */,
				848C3E131A0FD419004C9699 /* PandraLibsTests */,
			);
		};
/* End PBXProject section */

/* Begin PBXResourcesBuildPhase section */
		848C3DF61A0FD419004C9699 /* Resources */ = {
			isa = PBXResourcesBuildPhase;
			buildActionMask = 2147483647;
			files = (
				848C3E0C1A0FD419004C9699 /* Images.xcassets in Resources */,
			);
			runOnlyForDeploymentPostprocessing = 0;
		};
		848C3E121A0FD419004C9699 /* Resources */ = {
			isa = PBXResourcesBuildPhase;
			buildActionMask = 2147483647;
			files = (
			);
			runOnlyForDeploymentPostprocessing = 0;
		};
/* End PBXResourcesBuildPhase section */

/* Begin PBXSourcesBuildPhase section */
		848C3DF41A0FD419004C9699 /* Sources */ = {
			isa = PBXSourcesBuildPhase;
			buildActionMask = 2147483647;
			files = (
				845CFCDF1A0FDE46000A1A60 /* BasicDataSourceAdapter.m in Sources */,
				845CFCDD1A0FDE46000A1A60 /* BasicCollectionView.m in Sources */,
				84C2A8CF1A0FDF8400BE6045 /* BasicContextManager.m in Sources */,
				845CFCE61A0FDE46000A1A60 /* CoredataManager.m in Sources */,
				845CFCE31A0FDE46000A1A60 /* BasicSaver.m in Sources */,
				845CFCE51A0FDE46000A1A60 /* CC.m in Sources */,
				845CFCDE1A0FDE46000A1A60 /* BasicDataSource.m in Sources */,
				845CFCEC1A0FDE50000A1A60 /* MT.m in Sources */,
				848C3DFE1A0FD419004C9699 /* main.m in Sources */,
				845CFCB11A0FDC19000A1A60 /* AppDelegate.m in Sources */,
				845CFCE71A0FDE46000A1A60 /* DF.m in Sources */,
				845CFCE41A0FDE46000A1A60 /* BasicSyncer.m in Sources */,
				845CFCE11A0FDE46000A1A60 /* BasicMTContextProcessor.m in Sources */,
				845CFCED1A0FDE50000A1A60 /* PP.m in Sources */,
				845CFCE01A0FDE46000A1A60 /* BasicLinker.m in Sources */,
				845CFCE21A0FDE46000A1A60 /* BasicPostprocessor.m in Sources */,
			);
			runOnlyForDeploymentPostprocessing = 0;
		};
		848C3E101A0FD419004C9699 /* Sources */ = {
			isa = PBXSourcesBuildPhase;
			buildActionMask = 2147483647;
			files = (
				848C3E1B1A0FD419004C9699 /* PandraLibsTests.m in Sources */,
			);
			runOnlyForDeploymentPostprocessing = 0;
		};
/* End PBXSourcesBuildPhase section */

/* Begin PBXTargetDependency section */
		848C3E161A0FD419004C9699 /* PBXTargetDependency */ = {
			isa = PBXTargetDependency;
			target = 848C3DF71A0FD419004C9699 /* PandraLibs */;
			targetProxy = 848C3E151A0FD419004C9699 /* PBXContainerItemProxy */;
		};
/* End PBXTargetDependency section */

/* Begin XCBuildConfiguration section */
		848C3E1C1A0FD419004C9699 /* Debug */ = {
			isa = XCBuildConfiguration;
			buildSettings = {
				ALWAYS_SEARCH_USER_PATHS = NO;
				CLANG_CXX_LANGUAGE_STANDARD = "gnu++0x";
				CLANG_CXX_LIBRARY = "libc++";
				CLANG_ENABLE_MODULES = YES;
				CLANG_ENABLE_OBJC_ARC = YES;
				CLANG_WARN_BOOL_CONVERSION = YES;
				CLANG_WARN_CONSTANT_CONVERSION = YES;
				CLANG_WARN_DIRECT_OBJC_ISA_USAGE = YES_ERROR;
				CLANG_WARN_EMPTY_BODY = YES;
				CLANG_WARN_ENUM_CONVERSION = YES;
				CLANG_WARN_INT_CONVERSION = YES;
				CLANG_WARN_OBJC_ROOT_CLASS = YES_ERROR;
				CLANG_WARN_UNREACHABLE_CODE = YES;
				CLANG_WARN__DUPLICATE_METHOD_MATCH = YES;
				"CODE_SIGN_IDENTITY[sdk=iphoneos*]" = "iPhone Developer";
				COPY_PHASE_STRIP = NO;
				ENABLE_STRICT_OBJC_MSGSEND = YES;
				GCC_C_LANGUAGE_STANDARD = gnu99;
				GCC_DYNAMIC_NO_PIC = NO;
				GCC_OPTIMIZATION_LEVEL = 0;
				GCC_PREPROCESSOR_DEFINITIONS = (
					"DEBUG=1",
					"$(inherited)",
				);
				GCC_SYMBOLS_PRIVATE_EXTERN = NO;
				GCC_WARN_64_TO_32_BIT_CONVERSION = YES;
				GCC_WARN_ABOUT_RETURN_TYPE = YES_ERROR;
				GCC_WARN_UNDECLARED_SELECTOR = YES;
				GCC_WARN_UNINITIALIZED_AUTOS = YES_AGGRESSIVE;
				GCC_WARN_UNUSED_FUNCTION = YES;
				GCC_WARN_UNUSED_VARIABLE = YES;
				IPHONEOS_DEPLOYMENT_TARGET = 8.0;
				MTL_ENABLE_DEBUG_INFO = YES;
				ONLY_ACTIVE_ARCH = YES;
				SDKROOT = iphoneos;
				TARGETED_DEVICE_FAMILY = "1,2";
			};
			name = Debug;
		};
		848C3E1D1A0FD419004C9699 /* Release */ = {
			isa = XCBuildConfiguration;
			buildSettings = {
				ALWAYS_SEARCH_USER_PATHS = NO;
				CLANG_CXX_LANGUAGE_STANDARD = "gnu++0x";
				CLANG_CXX_LIBRARY = "libc++";
				CLANG_ENABLE_MODULES = YES;
				CLANG_ENABLE_OBJC_ARC = YES;
				CLANG_WARN_BOOL_CONVERSION = YES;
				CLANG_WARN_CONSTANT_CONVERSION = YES;
				CLANG_WARN_DIRECT_OBJC_ISA_USAGE = YES_ERROR;
				CLANG_WARN_EMPTY_BODY = YES;
				CLANG_WARN_ENUM_CONVERSION = YES;
				CLANG_WARN_INT_CONVERSION = YES;
				CLANG_WARN_OBJC_ROOT_CLASS = YES_ERROR;
				CLANG_WARN_UNREACHABLE_CODE = YES;
				CLANG_WARN__DUPLICATE_METHOD_MATCH = YES;
				"CODE_SIGN_IDENTITY[sdk=iphoneos*]" = "iPhone Developer";
				COPY_PHASE_STRIP = YES;
				ENABLE_NS_ASSERTIONS = NO;
				ENABLE_STRICT_OBJC_MSGSEND = YES;
				GCC_C_LANGUAGE_STANDARD = gnu99;
				GCC_WARN_64_TO_32_BIT_CONVERSION = YES;
				GCC_WARN_ABOUT_RETURN_TYPE = YES_ERROR;
				GCC_WARN_UNDECLARED_SELECTOR = YES;
				GCC_WARN_UNINITIALIZED_AUTOS = YES_AGGRESSIVE;
				GCC_WARN_UNUSED_FUNCTION = YES;
				GCC_WARN_UNUSED_VARIABLE = YES;
				IPHONEOS_DEPLOYMENT_TARGET = 8.0;
				MTL_ENABLE_DEBUG_INFO = NO;
				SDKROOT = iphoneos;
				TARGETED_DEVICE_FAMILY = "1,2";
				VALIDATE_PRODUCT = YES;
			};
			name = Release;
		};
		848C3E1F1A0FD419004C9699 /* Debug */ = {
			isa = XCBuildConfiguration;
			buildSettings = {
				ASSETCATALOG_COMPILER_APPICON_NAME = AppIcon;
				INFOPLIST_FILE = PandraLibs/Info.plist;
				LD_RUNPATH_SEARCH_PATHS = "$(inherited) @executable_path/Frameworks";
				PRODUCT_NAME = "$(TARGET_NAME)";
			};
			name = Debug;
		};
		848C3E201A0FD419004C9699 /* Release */ = {
			isa = XCBuildConfiguration;
			buildSettings = {
				ASSETCATALOG_COMPILER_APPICON_NAME = AppIcon;
				INFOPLIST_FILE = PandraLibs/Info.plist;
				LD_RUNPATH_SEARCH_PATHS = "$(inherited) @executable_path/Frameworks";
				PRODUCT_NAME = "$(TARGET_NAME)";
			};
			name = Release;
		};
		848C3E221A0FD419004C9699 /* Debug */ = {
			isa = XCBuildConfiguration;
			buildSettings = {
				BUNDLE_LOADER = "$(TEST_HOST)";
				FRAMEWORK_SEARCH_PATHS = (
					"$(SDKROOT)/Developer/Library/Frameworks",
					"$(inherited)",
				);
				GCC_PREPROCESSOR_DEFINITIONS = (
					"DEBUG=1",
					"$(inherited)",
				);
				INFOPLIST_FILE = PandraLibsTests/Info.plist;
				LD_RUNPATH_SEARCH_PATHS = "$(inherited) @executable_path/Frameworks @loader_path/Frameworks";
				PRODUCT_NAME = "$(TARGET_NAME)";
				TEST_HOST = "$(BUILT_PRODUCTS_DIR)/PandraLibs.app/PandraLibs";
			};
			name = Debug;
		};
		848C3E231A0FD419004C9699 /* Release */ = {
			isa = XCBuildConfiguration;
			buildSettings = {
				BUNDLE_LOADER = "$(TEST_HOST)";
				FRAMEWORK_SEARCH_PATHS = (
					"$(SDKROOT)/Developer/Library/Frameworks",
					"$(inherited)",
				);
				INFOPLIST_FILE = PandraLibsTests/Info.plist;
				LD_RUNPATH_SEARCH_PATHS = "$(inherited) @executable_path/Frameworks @loader_path/Frameworks";
				PRODUCT_NAME = "$(TARGET_NAME)";
				TEST_HOST = "$(BUILT_PRODUCTS_DIR)/PandraLibs.app/PandraLibs";
			};
			name = Release;
		};
/* End XCBuildConfiguration section */

/* Begin XCConfigurationList section */
		848C3DF31A0FD419004C9699 /* Build configuration list for PBXProject "PandraLibs" */ = {
			isa = XCConfigurationList;
			buildConfigurations = (
				848C3E1C1A0FD419004C9699 /* Debug */,
				848C3E1D1A0FD419004C9699 /* Release */,
			);
			defaultConfigurationIsVisible = 0;
			defaultConfigurationName = Release;
		};
		848C3E1E1A0FD419004C9699 /* Build configuration list for PBXNativeTarget "PandraLibs" */ = {
			isa = XCConfigurationList;
			buildConfigurations = (
				848C3E1F1A0FD419004C9699 /* Debug */,
				848C3E201A0FD419004C9699 /* Release */,
			);
			defaultConfigurationIsVisible = 0;
			defaultConfigurationName = Release;
		};
		848C3E211A0FD419004C9699 /* Build configuration list for PBXNativeTarget "PandraLibsTests" */ = {
			isa = XCConfigurationList;
			buildConfigurations = (
				848C3E221A0FD419004C9699 /* Debug */,
				848C3E231A0FD419004C9699 /* Release */,
			);
			defaultConfigurationIsVisible = 0;
			defaultConfigurationName = Release;
		};
/* End XCConfigurationList section */
	};
	rootObject = 848C3DF01A0FD419004C9699 /* Project object */;
}
